{
    "_meta": {
        "hash": {
            "sha256": "cc064d869f22442e17081b27ed833778f21593e91bb569c1173c2db2935e8cd3"
        },
        "pipfile-spec": 6,
        "requires": {
            "python_version": "3.7"
        },
        "sources": [
            {
                "name": "pypi",
                "url": "https://pypi.org/simple",
                "verify_ssl": true
            }
        ]
    },
    "default": {
        "beautifulsoup4": {
            "hashes": [
                "sha256:05fd825eb01c290877657a56df4c6e4c311b3965bda790c613a3d6fb01a5462a",
                "sha256:9fbb4d6e48ecd30bcacc5b63b94088192dcda178513b2ae3c394229f8911b887",
                "sha256:e1505eeed31b0f4ce2dbb3bc8eb256c04cc2b3b72af7d551a4ab6efd5cbe5dae"
            ],
            "index": "pypi",
            "version": "==4.8.2"
        },
        "numpy": {
            "hashes": [
                "sha256:09858463db6dd9f78b2a1a05c93f3b33d4f65975771e90d2cf7aadb7c2f66edf",
                "sha256:209666ce9d4a817e8a4597cd475b71b4878a85fa4b8db41d79fdb4fdee01dde2",
                "sha256:298156f4d3d46815eaf0fcf0a03f9625fc7631692bd1ad851517ab93c3168fc6",
                "sha256:30fc68307c0155d2a75ad19844224be0f2c6f06572d958db4e2053f816b859ad",
                "sha256:423216d8afc5923b15df86037c6053bf030d15cc9e3224206ef868c2d63dd6dc",
                "sha256:426a00b68b0d21f2deb2ace3c6d677e611ad5a612d2c76494e24a562a930c254",
                "sha256:466e682264b14982012887e90346d33435c984b7fead7b85e634903795c8fdb0",
                "sha256:51a7b9db0a2941434cd930dacaafe0fc9da8f3d6157f9d12f761bbde93f46218",
                "sha256:52a664323273c08f3b473548bf87c8145b7513afd63e4ebba8496ecd3853df13",
                "sha256:550564024dc5ceee9421a86fc0fb378aa9d222d4d0f858f6669eff7410c89bef",
                "sha256:5de64950137f3a50b76ce93556db392e8f1f954c2d8207f78a92d1f79aa9f737",
                "sha256:640c1ccfd56724f2955c237b6ccce2e5b8607c3bc1cc51d3933b8c48d1da3723",
                "sha256:7fdc7689daf3b845934d67cb221ba8d250fdca20ac0334fea32f7091b93f00d3",
                "sha256:805459ad8baaf815883d0d6f86e45b3b0b67d823a8f3fa39b1ed9c45eaf5edf1",
                "sha256:92a0ab128b07799dd5b9077a9af075a63467d03ebac6f8a93e6440abfea4120d",
                "sha256:9f2dc79c093f6c5113718d3d90c283f11463d77daa4e83aeeac088ec6a0bda52",
                "sha256:a5109345f5ce7ddb3840f5970de71c34a0ff7fceb133c9441283bb8250f532a3",
                "sha256:a55e4d81c4260386f71d22294795c87609164e22b28ba0d435850fbdf82fc0c5",
                "sha256:a9da45b748caad72ea4a4ed57e9cd382089f33c5ec330a804eb420a496fa760f",
                "sha256:b160b9a99ecc6559d9e6d461b95c8eec21461b332f80267ad2c10394b9503496",
                "sha256:b342064e647d099ca765f19672696ad50c953cac95b566af1492fd142283580f",
                "sha256:b5e8590b9245803c849e09bae070a8e1ff444f45e3f0bed558dd722119eea724",
                "sha256:bf75d5825ef47aa51d669b03ce635ecb84d69311e05eccea083f31c7570c9931",
                "sha256:c01b59b33c7c3ba90744f2c695be571a3bd40ab2ba7f3d169ffa6db3cfba614f",
                "sha256:d96a6a7d74af56feb11e9a443150216578ea07b7450f7c05df40eec90af7f4a7",
                "sha256:dd0e3651d210068d13e18503d75aaa45656eef51ef0b261f891788589db2cc38",
                "sha256:e167b9805de54367dcb2043519382be541117503ce99e3291cc9b41ca0a83557",
                "sha256:e42029e184008a5fd3d819323345e25e2337b0ac7f5c135b7623308530209d57",
                "sha256:f545c082eeb09ae678dd451a1b1dbf17babd8a0d7adea02897a76e639afca310",
                "sha256:fde50062d67d805bc96f1a9ecc0d37bfc2a8f02b937d2c50824d186aa91f2419"
            ],
            "markers": "python_version < '3.11' and python_version >= '3.7'",
            "version": "==1.21.2"
        },
        "opencv-python-headless": {
            "hashes": [
                "sha256:105fe1dc648047c23b1a88c168a42e2760d3bb2c8294b36dd374f1a904d6e8a3",
                "sha256:107331e70a352464e9e68ba917cec636b857c8c1332a6444d8df39f1e06c3c4f",
                "sha256:134b7184edb06693d2d8987ff6d0216b76ac0ed066ae167cd1897e1b4377fdc2",
                "sha256:1493eba327ea9943f93b53393afd335ee23ea898d607873adc6b1ecd96db17d4",
                "sha256:20cfc4bdf5aabb2a5060101d057e3550f64df7cf3e7d26551fa2f54fbdcdd060",
                "sha256:29b560628b1a166cac88dc277e938b6791f8650c7e405b95fd4de8b9abff31e6",
                "sha256:2c26456369e127aa507ed5af8cb0f08e2de4c2a60b231d1bea03f0c36094ec56",
                "sha256:323a49938fdc878c85371c546127e973757b03fcf2acd62a103709085752315d",
                "sha256:37f9b704338ab99ed1cd4179da12d6b39e7ca60aa197dd330f71ed1454ba0ea3",
                "sha256:3c8a26dcaaaf15f36c170639bd539ffebc957f95995705537e69bfd92765c912",
                "sha256:59a259edddf765cd0af91aaa9e9d7fe7648570d7923539b3a85c703026615236",
                "sha256:60afa5e201324d0313ba4425ce812789e9889abfc35d85c6b09426093fbc5a09",
                "sha256:76cffdc6cb530fe244c89e9bd7b23a8d2761bd54a3eb44713df9fc3dfee8f544",
                "sha256:7f1c0d3f8bb560c23446fee81421435904610133d9cfe8c8e245392a80139812",
                "sha256:84d247193d977bc059ac1524113c44f197c51122e0a4efba3b85380c51533040",
                "sha256:8f817b4ec0399e3ee82db8707e6b6a31cbdfe84bbbe669f946c75aed7c678acc",
                "sha256:95b06780225eed3a00a59ddce05c8c7d16aa3d8d0b0d8484a3a6089fc84af5a8",
                "sha256:9e80919dd00805ba4bffe175107391da1024fe303c82c271704a77b793cd654e",
                "sha256:b44fd3d66a3d1adaf9f49cc99a05f012df98ef79e42e5971bb960b2b81e2742e",
                "sha256:b4549c71277e2cc427cc32fbec6cb2dd92f0f839467cdb22381b4e5b0e53f35c",
                "sha256:b64449744aed7c3072235bdaf06289b36e0e65bcde7834c951a912f79a44e564",
                "sha256:c2b6c26b3e44e1890c5517d58e8b953e827ee10048bcdfd5dba94b0b74105fa1",
                "sha256:c8f6fe6e81b0c0fd058dcf24b12d3632152de334afa290fd63f30afe30c8713a",
                "sha256:d5cbab84f9ae346cbd1d16b5906e34e5bdd17e4a8d9e213599a24a510a82de94",
                "sha256:d86e654b6dd99d5e2f9e3b505a2252161a0b44e7e60a62cbe364f9d8de32ab36",
                "sha256:de4fc34bc4f3a93f079005cdd51db4f59fbecf72463514a6a73fdfd29bc8e777",
                "sha256:f3e418b9480f2e167ea5a800a0375e424f15d345a0a15c638f66b6f3bb6a7796"
            ],
            "index": "pypi",
            "version": "==4.2.0.32"
        },
        "soupsieve": {
            "hashes": [
                "sha256:052774848f448cf19c7e959adf5566904d525f33a3f8b6ba6f6f8f26ec7de0cc",
                "sha256:c2c1c2d44f158cdbddab7824a9af8c4f83c76b1e23e049479aa432feb6c4c23b"
            ],
            "markers": "python_version >= '3.6'",
            "version": "==2.2.1"
        }
    },
    "develop": {}
}
